
Microsoft Visual Studio Solution File, Format Version 12.00
# Visual Studio Version 17
VisualStudioVersion = 17.4.33110.190
MinimumVisualStudioVersion = 10.0.40219.1
Project("{FAE04EC0-301F-11D3-BF4B-00C04F79EFBC}") = "ComPort", "ComPort.csproj", "{705A37F8-4F05-47F3-9B7F-CC838394BEE8}"
EndProject
Global
	GlobalSection(SolutionConfigurationPlatforms) = preSolution
		Debug|Any CPU = Debug|Any CPU
		Release|Any CPU = Release|Any CPU
	EndGlobalSection
	GlobalSection(ProjectConfigurationPlatforms) = postSolution
		{705A37F8-4F05-47F3-9B7F-CC838394BEE8}.Debug|Any CPU.ActiveCfg = Debug|Any CPU
		{705A37F8-4F05-47F3-9B7F-CC838394BEE8}.Debug|Any CPU.Build.0 = Debug|Any CPU
		{705A37F8-4F05-47F3-9B7F-CC838394BEE8}.Release|Any CPU.ActiveCfg = Release|Any CPU
		{705A37F8-4F05-47F3-9B7F-CC838394BEE8}.Release|Any CPU.Build.0 = Release|Any CPU
	EndGlobalSection
	GlobalSection(SolutionProperties) = preSolution
		HideSolutionNode = FALSE
	EndGlobalSection
	GlobalSection(ExtensibilityGlobals) = postSolution
		SolutionGuid = {2E44EAAE-47F1-46B7-B4F0-1442785253B9}
	EndGlobalSection
EndGlobal
